{
  "version": 4,
  "terraform_version": "1.4.6",
  "serial": 20,
  "lineage": "02489667-a281-6b6a-3487-ba4613c9b821",
  "outputs": {
    "ans1": {
      "value": "init",
      "type": "string"
    },
    "ans2": {
      "value": "int",
      "type": "string"
    },
    "ans3": {
      "value": "while",
      "type": "string"
    },
    "ans4": {
      "value": "using output values",
      "type": "string"
    },
    "ans5": {
      "value": "using -var flag",
      "type": "string"
    },
    "four_result": {
      "value": "a3bf216863e3b6f19e62428be90e35fdb5610020",
      "type": "string"
    },
    "result": {
      "value": "read-06c3bbd99fa257010a634486a5476517",
      "type": "string"
    }
  },
  "resources": [
    {
      "module": "module.files",
      "mode": "managed",
      "type": "local_file",
      "name": "one",
      "provider": "provider[\"registry.terraform.io/hashicorp/local\"]",
      "instances": [
        {
          "index_key": 0,
          "schema_version": 0,
          "attributes": {
            "content": "test",
            "content_base64": null,
            "content_base64sha256": "n4bQgYhMfWWaL+qgxVrQFaO/TxsrC4Is0V1sFbDwCgg=",
            "content_base64sha512": "7iaw3Ur350mqGo7jwQrpkj9hiYB3Lkc/iBml1JQODbJ6wYX4oOHV+E+IvIh/1nsUNzLDBMxfqa2Ob1f1ACio/w==",
            "content_md5": "098f6bcd4621d373cade4e832627b4f6",
            "content_sha1": "a94a8fe5ccb19ba61c4c0873d391e987982fbbd3",
            "content_sha256": "9f86d081884c7d659a2feaa0c55ad015a3bf4f1b2b0b822cd15d6c15b0f00a08",
            "content_sha512": "ee26b0dd4af7e749aa1a8ee3c10ae9923f618980772e473f8819a5d4940e0db27ac185f8a0e1d5f84f88bc887fd67b143732c304cc5fa9ad8e6f57f50028a8ff",
            "directory_permission": "0777",
            "file_permission": "0777",
            "filename": "modules/files/name_0.txt",
            "id": "a94a8fe5ccb19ba61c4c0873d391e987982fbbd3",
            "sensitive_content": null,
            "source": null
          },
          "sensitive_attributes": []
        },
        {
          "index_key": 1,
          "schema_version": 0,
          "attributes": {
            "content": "test",
            "content_base64": null,
            "content_base64sha256": "n4bQgYhMfWWaL+qgxVrQFaO/TxsrC4Is0V1sFbDwCgg=",
            "content_base64sha512": "7iaw3Ur350mqGo7jwQrpkj9hiYB3Lkc/iBml1JQODbJ6wYX4oOHV+E+IvIh/1nsUNzLDBMxfqa2Ob1f1ACio/w==",
            "content_md5": "098f6bcd4621d373cade4e832627b4f6",
            "content_sha1": "a94a8fe5ccb19ba61c4c0873d391e987982fbbd3",
            "content_sha256": "9f86d081884c7d659a2feaa0c55ad015a3bf4f1b2b0b822cd15d6c15b0f00a08",
            "content_sha512": "ee26b0dd4af7e749aa1a8ee3c10ae9923f618980772e473f8819a5d4940e0db27ac185f8a0e1d5f84f88bc887fd67b143732c304cc5fa9ad8e6f57f50028a8ff",
            "directory_permission": "0777",
            "file_permission": "0777",
            "filename": "modules/files/name_1.txt",
            "id": "a94a8fe5ccb19ba61c4c0873d391e987982fbbd3",
            "sensitive_content": null,
            "source": null
          },
          "sensitive_attributes": []
        },
        {
          "index_key": 2,
          "schema_version": 0,
          "attributes": {
            "content": "test",
            "content_base64": null,
            "content_base64sha256": "n4bQgYhMfWWaL+qgxVrQFaO/TxsrC4Is0V1sFbDwCgg=",
            "content_base64sha512": "7iaw3Ur350mqGo7jwQrpkj9hiYB3Lkc/iBml1JQODbJ6wYX4oOHV+E+IvIh/1nsUNzLDBMxfqa2Ob1f1ACio/w==",
            "content_md5": "098f6bcd4621d373cade4e832627b4f6",
            "content_sha1": "a94a8fe5ccb19ba61c4c0873d391e987982fbbd3",
            "content_sha256": "9f86d081884c7d659a2feaa0c55ad015a3bf4f1b2b0b822cd15d6c15b0f00a08",
            "content_sha512": "ee26b0dd4af7e749aa1a8ee3c10ae9923f618980772e473f8819a5d4940e0db27ac185f8a0e1d5f84f88bc887fd67b143732c304cc5fa9ad8e6f57f50028a8ff",
            "directory_permission": "0777",
            "file_permission": "0777",
            "filename": "modules/files/name_2.txt",
            "id": "a94a8fe5ccb19ba61c4c0873d391e987982fbbd3",
            "sensitive_content": null,
            "source": null
          },
          "sensitive_attributes": []
        }
      ]
    },
    {
      "module": "module.four",
      "mode": "data",
      "type": "local_file",
      "name": "four",
      "provider": "provider[\"registry.terraform.io/hashicorp/local\"]",
      "instances": [
        {
          "schema_version": 0,
          "attributes": {
            "content": "Bane of my existence",
            "content_base64": "QmFuZSBvZiBteSBleGlzdGVuY2U=",
            "content_base64sha256": "SokuTGdMDiTa1Ehjo9w6ev27L893FncSQeX8E9jZyJU=",
            "content_base64sha512": "pRnZGKx3oaaV/wAWcnbTPhmw2VU7HcnPm8dbaZVhOEsNsPsTs3UYbs/FjT4GPcxl/w2KjvJTlCLhP+NNKFoiTA==",
            "content_md5": "06c3bbd99fa257010a634486a5476517",
            "content_sha1": "a3bf216863e3b6f19e62428be90e35fdb5610020",
            "content_sha256": "4a892e4c674c0e24dad44863a3dc3a7afdbb2fcf7716771241e5fc13d8d9c895",
            "content_sha512": "a519d918ac77a1a695ff00167276d33e19b0d9553b1dc9cf9bc75b699561384b0db0fb13b375186ecfc58d3e063dcc65ff0d8a8ef2539422e13fe34d285a224c",
            "filename": "modules/files/Two_0.txt",
            "id": "a3bf216863e3b6f19e62428be90e35fdb5610020"
          },
          "sensitive_attributes": []
        }
      ]
    },
    {
      "module": "module.two.module.make_dir",
      "mode": "managed",
      "type": "local_file",
      "name": "one",
      "provider": "provider[\"registry.terraform.io/hashicorp/local\"]",
      "instances": [
        {
          "index_key": 0,
          "schema_version": 0,
          "attributes": {
            "content": "Bane of my existence",
            "content_base64": null,
            "content_base64sha256": "SokuTGdMDiTa1Ehjo9w6ev27L893FncSQeX8E9jZyJU=",
            "content_base64sha512": "pRnZGKx3oaaV/wAWcnbTPhmw2VU7HcnPm8dbaZVhOEsNsPsTs3UYbs/FjT4GPcxl/w2KjvJTlCLhP+NNKFoiTA==",
            "content_md5": "06c3bbd99fa257010a634486a5476517",
            "content_sha1": "a3bf216863e3b6f19e62428be90e35fdb5610020",
            "content_sha256": "4a892e4c674c0e24dad44863a3dc3a7afdbb2fcf7716771241e5fc13d8d9c895",
            "content_sha512": "a519d918ac77a1a695ff00167276d33e19b0d9553b1dc9cf9bc75b699561384b0db0fb13b375186ecfc58d3e063dcc65ff0d8a8ef2539422e13fe34d285a224c",
            "directory_permission": "0777",
            "file_permission": "0777",
            "filename": "modules/files/Two_0.txt",
            "id": "a3bf216863e3b6f19e62428be90e35fdb5610020",
            "sensitive_content": null,
            "source": null
          },
          "sensitive_attributes": []
        },
        {
          "index_key": 1,
          "schema_version": 0,
          "attributes": {
            "content": "Bane of my existence",
            "content_base64": null,
            "content_base64sha256": "SokuTGdMDiTa1Ehjo9w6ev27L893FncSQeX8E9jZyJU=",
            "content_base64sha512": "pRnZGKx3oaaV/wAWcnbTPhmw2VU7HcnPm8dbaZVhOEsNsPsTs3UYbs/FjT4GPcxl/w2KjvJTlCLhP+NNKFoiTA==",
            "content_md5": "06c3bbd99fa257010a634486a5476517",
            "content_sha1": "a3bf216863e3b6f19e62428be90e35fdb5610020",
            "content_sha256": "4a892e4c674c0e24dad44863a3dc3a7afdbb2fcf7716771241e5fc13d8d9c895",
            "content_sha512": "a519d918ac77a1a695ff00167276d33e19b0d9553b1dc9cf9bc75b699561384b0db0fb13b375186ecfc58d3e063dcc65ff0d8a8ef2539422e13fe34d285a224c",
            "directory_permission": "0777",
            "file_permission": "0777",
            "filename": "modules/files/Two_1.txt",
            "id": "a3bf216863e3b6f19e62428be90e35fdb5610020",
            "sensitive_content": null,
            "source": null
          },
          "sensitive_attributes": []
        },
        {
          "index_key": 2,
          "schema_version": 0,
          "attributes": {
            "content": "Bane of my existence",
            "content_base64": null,
            "content_base64sha256": "SokuTGdMDiTa1Ehjo9w6ev27L893FncSQeX8E9jZyJU=",
            "content_base64sha512": "pRnZGKx3oaaV/wAWcnbTPhmw2VU7HcnPm8dbaZVhOEsNsPsTs3UYbs/FjT4GPcxl/w2KjvJTlCLhP+NNKFoiTA==",
            "content_md5": "06c3bbd99fa257010a634486a5476517",
            "content_sha1": "a3bf216863e3b6f19e62428be90e35fdb5610020",
            "content_sha256": "4a892e4c674c0e24dad44863a3dc3a7afdbb2fcf7716771241e5fc13d8d9c895",
            "content_sha512": "a519d918ac77a1a695ff00167276d33e19b0d9553b1dc9cf9bc75b699561384b0db0fb13b375186ecfc58d3e063dcc65ff0d8a8ef2539422e13fe34d285a224c",
            "directory_permission": "0777",
            "file_permission": "0777",
            "filename": "modules/files/Two_2.txt",
            "id": "a3bf216863e3b6f19e62428be90e35fdb5610020",
            "sensitive_content": null,
            "source": null
          },
          "sensitive_attributes": []
        },
        {
          "index_key": 3,
          "schema_version": 0,
          "attributes": {
            "content": "Bane of my existence",
            "content_base64": null,
            "content_base64sha256": "SokuTGdMDiTa1Ehjo9w6ev27L893FncSQeX8E9jZyJU=",
            "content_base64sha512": "pRnZGKx3oaaV/wAWcnbTPhmw2VU7HcnPm8dbaZVhOEsNsPsTs3UYbs/FjT4GPcxl/w2KjvJTlCLhP+NNKFoiTA==",
            "content_md5": "06c3bbd99fa257010a634486a5476517",
            "content_sha1": "a3bf216863e3b6f19e62428be90e35fdb5610020",
            "content_sha256": "4a892e4c674c0e24dad44863a3dc3a7afdbb2fcf7716771241e5fc13d8d9c895",
            "content_sha512": "a519d918ac77a1a695ff00167276d33e19b0d9553b1dc9cf9bc75b699561384b0db0fb13b375186ecfc58d3e063dcc65ff0d8a8ef2539422e13fe34d285a224c",
            "directory_permission": "0777",
            "file_permission": "0777",
            "filename": "modules/files/Two_3.txt",
            "id": "a3bf216863e3b6f19e62428be90e35fdb5610020",
            "sensitive_content": null,
            "source": null
          },
          "sensitive_attributes": []
        },
        {
          "index_key": 4,
          "schema_version": 0,
          "attributes": {
            "content": "Bane of my existence",
            "content_base64": null,
            "content_base64sha256": "SokuTGdMDiTa1Ehjo9w6ev27L893FncSQeX8E9jZyJU=",
            "content_base64sha512": "pRnZGKx3oaaV/wAWcnbTPhmw2VU7HcnPm8dbaZVhOEsNsPsTs3UYbs/FjT4GPcxl/w2KjvJTlCLhP+NNKFoiTA==",
            "content_md5": "06c3bbd99fa257010a634486a5476517",
            "content_sha1": "a3bf216863e3b6f19e62428be90e35fdb5610020",
            "content_sha256": "4a892e4c674c0e24dad44863a3dc3a7afdbb2fcf7716771241e5fc13d8d9c895",
            "content_sha512": "a519d918ac77a1a695ff00167276d33e19b0d9553b1dc9cf9bc75b699561384b0db0fb13b375186ecfc58d3e063dcc65ff0d8a8ef2539422e13fe34d285a224c",
            "directory_permission": "0777",
            "file_permission": "0777",
            "filename": "modules/files/Two_4.txt",
            "id": "a3bf216863e3b6f19e62428be90e35fdb5610020",
            "sensitive_content": null,
            "source": null
          },
          "sensitive_attributes": []
        },
        {
          "index_key": 5,
          "schema_version": 0,
          "attributes": {
            "content": "Bane of my existence",
            "content_base64": null,
            "content_base64sha256": "SokuTGdMDiTa1Ehjo9w6ev27L893FncSQeX8E9jZyJU=",
            "content_base64sha512": "pRnZGKx3oaaV/wAWcnbTPhmw2VU7HcnPm8dbaZVhOEsNsPsTs3UYbs/FjT4GPcxl/w2KjvJTlCLhP+NNKFoiTA==",
            "content_md5": "06c3bbd99fa257010a634486a5476517",
            "content_sha1": "a3bf216863e3b6f19e62428be90e35fdb5610020",
            "content_sha256": "4a892e4c674c0e24dad44863a3dc3a7afdbb2fcf7716771241e5fc13d8d9c895",
            "content_sha512": "a519d918ac77a1a695ff00167276d33e19b0d9553b1dc9cf9bc75b699561384b0db0fb13b375186ecfc58d3e063dcc65ff0d8a8ef2539422e13fe34d285a224c",
            "directory_permission": "0777",
            "file_permission": "0777",
            "filename": "modules/files/Two_5.txt",
            "id": "a3bf216863e3b6f19e62428be90e35fdb5610020",
            "sensitive_content": null,
            "source": null
          },
          "sensitive_attributes": []
        },
        {
          "index_key": 6,
          "schema_version": 0,
          "attributes": {
            "content": "Bane of my existence",
            "content_base64": null,
            "content_base64sha256": "SokuTGdMDiTa1Ehjo9w6ev27L893FncSQeX8E9jZyJU=",
            "content_base64sha512": "pRnZGKx3oaaV/wAWcnbTPhmw2VU7HcnPm8dbaZVhOEsNsPsTs3UYbs/FjT4GPcxl/w2KjvJTlCLhP+NNKFoiTA==",
            "content_md5": "06c3bbd99fa257010a634486a5476517",
            "content_sha1": "a3bf216863e3b6f19e62428be90e35fdb5610020",
            "content_sha256": "4a892e4c674c0e24dad44863a3dc3a7afdbb2fcf7716771241e5fc13d8d9c895",
            "content_sha512": "a519d918ac77a1a695ff00167276d33e19b0d9553b1dc9cf9bc75b699561384b0db0fb13b375186ecfc58d3e063dcc65ff0d8a8ef2539422e13fe34d285a224c",
            "directory_permission": "0777",
            "file_permission": "0777",
            "filename": "modules/files/Two_6.txt",
            "id": "a3bf216863e3b6f19e62428be90e35fdb5610020",
            "sensitive_content": null,
            "source": null
          },
          "sensitive_attributes": []
        }
      ]
    }
  ],
  "check_results": null
}
